<Solution>
  <Folder Name="/src/">
    <Project Path="src/TicTacToe.Api/TicTacToe.Api.csproj" />
    <Project Path="src/TicTacToe.Domain/TicTacToe.Domain.csproj" />
  </Folder>
  <Folder Name="/tests/">
    <Project Path="tests/TicTacToe.Api.Tests/TicTacToe.Api.Tests.csproj" />
    <Project Path="tests/TicTacToe.Domain.Tests/TicTacToe.Domain.Tests.csproj" />
  </Folder>
</Solution>
